
Microsoft Visual Studio Solution File, Format Version 12.00
# Visual Studio Version 17
VisualStudioVersion = 17.7.34202.233
MinimumVisualStudioVersion = 10.0.40219.1
Project("{FAE04EC0-301F-11D3-BF4B-00C04F79EFBC}") = "Logger", "Logger.csproj", "{E7A54EDC-7128-4A9A-A9A7-1FA837AB3051}"
EndProject
Project("{FAE04EC0-301F-11D3-BF4B-00C04F79EFBC}") = "ClientApplication", "ClientApplication\ClientApplication.csproj", "{9A8C7FC4-64B2-467C-9946-22D063B8E04C}"
EndProject
Global
	GlobalSection(SolutionConfigurationPlatforms) = preSolution
		Debug|Any CPU = Debug|Any CPU
		Release|Any CPU = Release|Any CPU
	EndGlobalSection
	GlobalSection(ProjectConfigurationPlatforms) = postSolution
		{E7A54EDC-7128-4A9A-A9A7-1FA837AB3051}.Debug|Any CPU.ActiveCfg = Debug|Any CPU
		{E7A54EDC-7128-4A9A-A9A7-1FA837AB3051}.Debug|Any CPU.Build.0 = Debug|Any CPU
		{E7A54EDC-7128-4A9A-A9A7-1FA837AB3051}.Release|Any CPU.ActiveCfg = Release|Any CPU
		{E7A54EDC-7128-4A9A-A9A7-1FA837AB3051}.Release|Any CPU.Build.0 = Release|Any CPU
		{9A8C7FC4-64B2-467C-9946-22D063B8E04C}.Debug|Any CPU.ActiveCfg = Debug|Any CPU
		{9A8C7FC4-64B2-467C-9946-22D063B8E04C}.Debug|Any CPU.Build.0 = Debug|Any CPU
		{9A8C7FC4-64B2-467C-9946-22D063B8E04C}.Release|Any CPU.ActiveCfg = Release|Any CPU
		{9A8C7FC4-64B2-467C-9946-22D063B8E04C}.Release|Any CPU.Build.0 = Release|Any CPU
	EndGlobalSection
	GlobalSection(SolutionProperties) = preSolution
		HideSolutionNode = FALSE
	EndGlobalSection
	GlobalSection(ExtensibilityGlobals) = postSolution
		SolutionGuid = {D2A5505D-8778-422F-86EB-94E842AE13BA}
	EndGlobalSection
EndGlobal
